// !$*UTF8*$!
{
	archiveVersion = 1;
	classes = {
	};
	objectVersion = 50;
	objects = {

/* Begin PBXBuildFile section */
		014B235321195CFF008E46AC /* DenseNet.c in Sources */ = {isa = PBXBuildFile; fileRef = 014B235221195CFF008E46AC /* DenseNet.c */; };
		014B235421195CFF008E46AC /* DenseNet.c in Sources */ = {isa = PBXBuildFile; fileRef = 014B235221195CFF008E46AC /* DenseNet.c */; };
		014B2357211960E8008E46AC /* Conv2DNet.c in Sources */ = {isa = PBXBuildFile; fileRef = 014B2356211960E8008E46AC /* Conv2DNet.c */; };
		014B2358211960E8008E46AC /* Conv2DNet.c in Sources */ = {isa = PBXBuildFile; fileRef = 014B2356211960E8008E46AC /* Conv2DNet.c */; };
		014B2359211C3236008E46AC /* NetworkOps.h in Headers */ = {isa = PBXBuildFile; fileRef = 016175A820FF105C00FC40FF /* NetworkOps.h */; settings = {ATTRIBUTES = (Public, ); }; };
		014B235C21216B93008E46AC /* DenseNetOps.c in Sources */ = {isa = PBXBuildFile; fileRef = 014B235B21216B93008E46AC /* DenseNetOps.c */; };
		014B235D21216B93008E46AC /* DenseNetOps.c in Sources */ = {isa = PBXBuildFile; fileRef = 014B235B21216B93008E46AC /* DenseNetOps.c */; };
		014B236021217175008E46AC /* Conv2DNetOps.c in Sources */ = {isa = PBXBuildFile; fileRef = 014B235F21217175008E46AC /* Conv2DNetOps.c */; };
		014B236121217175008E46AC /* Conv2DNetOps.c in Sources */ = {isa = PBXBuildFile; fileRef = 014B235F21217175008E46AC /* Conv2DNetOps.c */; };
		0161752120EDDE4600FC40FF /* Metal.framework in Frameworks */ = {isa = PBXBuildFile; fileRef = 0161752020EDDE4600FC40FF /* Metal.framework */; };
		0161752320EDDE4C00FC40FF /* Accelerate.framework in Frameworks */ = {isa = PBXBuildFile; fileRef = 0161752220EDDE4C00FC40FF /* Accelerate.framework */; };
		0161752820EDDFD800FC40FF /* MetalKernels.metal in Sources */ = {isa = PBXBuildFile; fileRef = 0161752720EDDFD800FC40FF /* MetalKernels.metal */; };
		0161753C20EDE05000FC40FF /* TimeProfile.c in Sources */ = {isa = PBXBuildFile; fileRef = 0161753420EDE04F00FC40FF /* TimeProfile.c */; };
		0161753D20EDE05000FC40FF /* Data.c in Sources */ = {isa = PBXBuildFile; fileRef = 0161753520EDE04F00FC40FF /* Data.c */; };
		0161753E20EDE05000FC40FF /* Parsing.c in Sources */ = {isa = PBXBuildFile; fileRef = 0161753620EDE04F00FC40FF /* Parsing.c */; };
		0161753F20EDE05000FC40FF /* NeuralNetwork.c in Sources */ = {isa = PBXBuildFile; fileRef = 0161753720EDE05000FC40FF /* NeuralNetwork.c */; };
		0161754020EDE05000FC40FF /* NetworkUtils.c in Sources */ = {isa = PBXBuildFile; fileRef = 0161753820EDE05000FC40FF /* NetworkUtils.c */; };
		0161754120EDE05000FC40FF /* MetalCompute.m in Sources */ = {isa = PBXBuildFile; fileRef = 0161753920EDE05000FC40FF /* MetalCompute.m */; };
		0161754220EDE05000FC40FF /* Utils.c in Sources */ = {isa = PBXBuildFile; fileRef = 0161753A20EDE05000FC40FF /* Utils.c */; };
		0161754320EDE05000FC40FF /* Memory.c in Sources */ = {isa = PBXBuildFile; fileRef = 0161753B20EDE05000FC40FF /* Memory.c */; };
		0161754520EDE45400FC40FF /* Data.h in Headers */ = {isa = PBXBuildFile; fileRef = 0161752D20EDE03000FC40FF /* Data.h */; settings = {ATTRIBUTES = (Public, ); }; };
		0161754620EDE45400FC40FF /* Memory.h in Headers */ = {isa = PBXBuildFile; fileRef = 0161752E20EDE03000FC40FF /* Memory.h */; settings = {ATTRIBUTES = (Public, ); }; };
		0161754720EDE45400FC40FF /* MetalCompute.h in Headers */ = {isa = PBXBuildFile; fileRef = 0161752F20EDE03000FC40FF /* MetalCompute.h */; settings = {ATTRIBUTES = (Public, ); }; };
		0161754820EDE45400FC40FF /* NetworkUtils.h in Headers */ = {isa = PBXBuildFile; fileRef = 0161752A20EDE03000FC40FF /* NetworkUtils.h */; settings = {ATTRIBUTES = (Public, ); }; };
		0161754920EDE45400FC40FF /* NeuralNetwork.h in Headers */ = {isa = PBXBuildFile; fileRef = 0161752B20EDE03000FC40FF /* NeuralNetwork.h */; settings = {ATTRIBUTES = (Public, ); }; };
		0161754A20EDE45400FC40FF /* Optimizers.h in Headers */ = {isa = PBXBuildFile; fileRef = 0161752C20EDE03000FC40FF /* Optimizers.h */; settings = {ATTRIBUTES = (Public, ); }; };
		0161754B20EDE45400FC40FF /* Parsing.h in Headers */ = {isa = PBXBuildFile; fileRef = 0161753020EDE03000FC40FF /* Parsing.h */; settings = {ATTRIBUTES = (Public, ); }; };
		0161754C20EDE45400FC40FF /* TimeProfile.h in Headers */ = {isa = PBXBuildFile; fileRef = 0161753120EDE03000FC40FF /* TimeProfile.h */; settings = {ATTRIBUTES = (Public, ); }; };
		0161754D20EDE45400FC40FF /* Utils.h in Headers */ = {isa = PBXBuildFile; fileRef = 0161753220EDE03000FC40FF /* Utils.h */; settings = {ATTRIBUTES = (Public, ); }; };
		0161756220EDEAB100FC40FF /* BrainStorm.h in Headers */ = {isa = PBXBuildFile; fileRef = 0161756120EDE9E800FC40FF /* BrainStorm.h */; settings = {ATTRIBUTES = (Public, ); }; };
		0161757220EEEE2400FC40FF /* Data.c in Sources */ = {isa = PBXBuildFile; fileRef = 0161753520EDE04F00FC40FF /* Data.c */; };
		0161757320EEEE2400FC40FF /* Memory.c in Sources */ = {isa = PBXBuildFile; fileRef = 0161753B20EDE05000FC40FF /* Memory.c */; };
		0161757420EEEE2400FC40FF /* MetalCompute.m in Sources */ = {isa = PBXBuildFile; fileRef = 0161753920EDE05000FC40FF /* MetalCompute.m */; };
		0161757520EEEE2400FC40FF /* NetworkUtils.c in Sources */ = {isa = PBXBuildFile; fileRef = 0161753820EDE05000FC40FF /* NetworkUtils.c */; };
		0161757620EEEE2400FC40FF /* NeuralNetwork.c in Sources */ = {isa = PBXBuildFile; fileRef = 0161753720EDE05000FC40FF /* NeuralNetwork.c */; };
		0161757720EEEE2400FC40FF /* Parsing.c in Sources */ = {isa = PBXBuildFile; fileRef = 0161753620EDE04F00FC40FF /* Parsing.c */; };
		0161757820EEEE2400FC40FF /* TimeProfile.c in Sources */ = {isa = PBXBuildFile; fileRef = 0161753420EDE04F00FC40FF /* TimeProfile.c */; };
		0161757920EEEE2400FC40FF /* Utils.c in Sources */ = {isa = PBXBuildFile; fileRef = 0161753A20EDE05000FC40FF /* Utils.c */; };
		0161757A20EEEE3700FC40FF /* Accelerate.framework in Frameworks */ = {isa = PBXBuildFile; fileRef = 0161752220EDDE4C00FC40FF /* Accelerate.framework */; };
		0161757B20EEEE3E00FC40FF /* Metal.framework in Frameworks */ = {isa = PBXBuildFile; fileRef = 0161752020EDDE4600FC40FF /* Metal.framework */; };
		0161757D20EEEFCB00FC40FF /* BrainStorm.h in Headers */ = {isa = PBXBuildFile; fileRef = 0161756120EDE9E800FC40FF /* BrainStorm.h */; settings = {ATTRIBUTES = (Public, ); }; };
		0161757E20EEEFCB00FC40FF /* Data.h in Headers */ = {isa = PBXBuildFile; fileRef = 0161752D20EDE03000FC40FF /* Data.h */; settings = {ATTRIBUTES = (Public, ); }; };
		0161757F20EEEFCB00FC40FF /* Memory.h in Headers */ = {isa = PBXBuildFile; fileRef = 0161752E20EDE03000FC40FF /* Memory.h */; settings = {ATTRIBUTES = (Public, ); }; };
		0161758020EEEFCB00FC40FF /* MetalCompute.h in Headers */ = {isa = PBXBuildFile; fileRef = 0161752F20EDE03000FC40FF /* MetalCompute.h */; settings = {ATTRIBUTES = (Public, ); }; };
		0161758120EEEFCB00FC40FF /* NetworkUtils.h in Headers */ = {isa = PBXBuildFile; fileRef = 0161752A20EDE03000FC40FF /* NetworkUtils.h */; settings = {ATTRIBUTES = (Public, ); }; };
		0161758220EEEFCB00FC40FF /* NeuralNetwork.h in Headers */ = {isa = PBXBuildFile; fileRef = 0161752B20EDE03000FC40FF /* NeuralNetwork.h */; settings = {ATTRIBUTES = (Public, ); }; };
		0161758320EEEFCB00FC40FF /* Optimizers.h in Headers */ = {isa = PBXBuildFile; fileRef = 0161752C20EDE03000FC40FF /* Optimizers.h */; settings = {ATTRIBUTES = (Public, ); }; };
		0161758420EEEFCB00FC40FF /* Parsing.h in Headers */ = {isa = PBXBuildFile; fileRef = 0161753020EDE03000FC40FF /* Parsing.h */; settings = {ATTRIBUTES = (Public, ); }; };
		0161758520EEEFCB00FC40FF /* TimeProfile.h in Headers */ = {isa = PBXBuildFile; fileRef = 0161753120EDE03000FC40FF /* TimeProfile.h */; settings = {ATTRIBUTES = (Public, ); }; };
		0161758620EEEFCB00FC40FF /* Utils.h in Headers */ = {isa = PBXBuildFile; fileRef = 0161753220EDE03000FC40FF /* Utils.h */; settings = {ATTRIBUTES = (Public, ); }; };
		0161759020EF443E00FC40FF /* NetworkConstructor.c in Sources */ = {isa = PBXBuildFile; fileRef = 0161758F20EF443E00FC40FF /* NetworkConstructor.c */; };
		0161759120EF443E00FC40FF /* NetworkConstructor.c in Sources */ = {isa = PBXBuildFile; fileRef = 0161758F20EF443E00FC40FF /* NetworkConstructor.c */; };
		0161759220EF46D300FC40FF /* NetworkConstructor.h in Headers */ = {isa = PBXBuildFile; fileRef = 0161758E20EF401B00FC40FF /* NetworkConstructor.h */; settings = {ATTRIBUTES = (Public, ); }; };
		0161759320EF46D300FC40FF /* NetworkParams.h in Headers */ = {isa = PBXBuildFile; fileRef = 0161758C20EF3E8D00FC40FF /* NetworkParams.h */; settings = {ATTRIBUTES = (Public, ); }; };
		0161759920F70E1600FC40FF /* Regularization.c in Sources */ = {isa = PBXBuildFile; fileRef = 0161759820F70E1600FC40FF /* Regularization.c */; };
		0161759A20F70E1600FC40FF /* Regularization.c in Sources */ = {isa = PBXBuildFile; fileRef = 0161759820F70E1600FC40FF /* Regularization.c */; };
		0161759B20F70E4F00FC40FF /* NetworkConstructor.h in Headers */ = {isa = PBXBuildFile; fileRef = 0161758E20EF401B00FC40FF /* NetworkConstructor.h */; settings = {ATTRIBUTES = (Public, ); }; };
		0161759C20F70E4F00FC40FF /* NetworkParams.h in Headers */ = {isa = PBXBuildFile; fileRef = 0161758C20EF3E8D00FC40FF /* NetworkParams.h */; settings = {ATTRIBUTES = (Public, ); }; };
		0161759D20F70E4F00FC40FF /* Regularization.h in Headers */ = {isa = PBXBuildFile; fileRef = 0161759720F70DEB00FC40FF /* Regularization.h */; settings = {ATTRIBUTES = (Public, ); }; };
		0161759E20F70E5C00FC40FF /* Regularization.h in Headers */ = {isa = PBXBuildFile; fileRef = 0161759720F70DEB00FC40FF /* Regularization.h */; settings = {ATTRIBUTES = (Public, ); }; };
		016175A420F73DDB00FC40FF /* Optimizers.c in Sources */ = {isa = PBXBuildFile; fileRef = 016175A320F73DDB00FC40FF /* Optimizers.c */; };
		016175A520F73DDB00FC40FF /* Optimizers.c in Sources */ = {isa = PBXBuildFile; fileRef = 016175A320F73DDB00FC40FF /* Optimizers.c */; };
		016175AA20FF107600FC40FF /* NetworkOps.c in Sources */ = {isa = PBXBuildFile; fileRef = 016175A920FF107600FC40FF /* NetworkOps.c */; };
		016175AB20FF107600FC40FF /* NetworkOps.c in Sources */ = {isa = PBXBuildFile; fileRef = 016175A920FF107600FC40FF /* NetworkOps.c */; };
		016175AC20FF176A00FC40FF /* NetworkOps.h in Headers */ = {isa = PBXBuildFile; fileRef = 016175A820FF105C00FC40FF /* NetworkOps.h */; settings = {ATTRIBUTES = (Public, ); }; };
		01DD2F942150996300082198 /* main.c in Sources */ = {isa = PBXBuildFile; fileRef = 01DD2F932150996300082198 /* main.c */; };
		01DD2F9A215099CE00082198 /* LoadMNISTDataSet.c in Sources */ = {isa = PBXBuildFile; fileRef = 01DD2F99215099CE00082198 /* LoadMNISTDataSet.c */; };
		01DD2F9D21509A1100082198 /* libBrainStorm.a in Frameworks */ = {isa = PBXBuildFile; fileRef = 0161756E20EEEDE500FC40FF /* libBrainStorm.a */; };
		01DD2FA521509E7500082198 /* main.c in Sources */ = {isa = PBXBuildFile; fileRef = 01DD2FA421509E7500082198 /* main.c */; };
		01DD2FAB21509EB000082198 /* libBrainStorm.a in Frameworks */ = {isa = PBXBuildFile; fileRef = 0161756E20EEEDE500FC40FF /* libBrainStorm.a */; };
		01E4E8CB2166D9F50053248C /* Conv2DNet.h in Headers */ = {isa = PBXBuildFile; fileRef = 014B2355211960C0008E46AC /* Conv2DNet.h */; settings = {ATTRIBUTES = (Public, ); }; };
		01E4E8CC2166D9F50053248C /* Conv2DNetOps.h in Headers */ = {isa = PBXBuildFile; fileRef = 014B235E21217164008E46AC /* Conv2DNetOps.h */; settings = {ATTRIBUTES = (Public, ); }; };
		01E4E8CD2166D9F50053248C /* DenseNet.h in Headers */ = {isa = PBXBuildFile; fileRef = 014B235121195CCA008E46AC /* DenseNet.h */; settings = {ATTRIBUTES = (Public, ); }; };
		01E4E8CE2166D9F50053248C /* DenseNetOps.h in Headers */ = {isa = PBXBuildFile; fileRef = 014B235A21216B6E008E46AC /* DenseNetOps.h */; settings = {ATTRIBUTES = (Public, ); }; };
/* End PBXBuildFile section */

/* Begin PBXContainerItemProxy section */
		01DD2F9B21509A0800082198 /* PBXContainerItemProxy */ = {
			isa = PBXContainerItemProxy;
			containerPortal = 0161751020EDDDF500FC40FF /* Project object */;
			proxyType = 1;
			remoteGlobalIDString = 0161756D20EEEDE500FC40FF;
			remoteInfo = BrainStorm_static;
		};
		01DD2FA921509EAA00082198 /* PBXContainerItemProxy */ = {
			isa = PBXContainerItemProxy;
			containerPortal = 0161751020EDDDF500FC40FF /* Project object */;
			proxyType = 1;
			remoteGlobalIDString = 0161756D20EEEDE500FC40FF;
			remoteInfo = BrainStorm_static;
		};
/* End PBXContainerItemProxy section */

/* Begin PBXCopyFilesBuildPhase section */
		01DD2F8F2150996300082198 /* CopyFiles */ = {
			isa = PBXCopyFilesBuildPhase;
			buildActionMask = 2147483647;
			dstPath = /usr/share/man/man1/;
			dstSubfolderSpec = 0;
			files = (
			);
			runOnlyForDeploymentPostprocessing = 1;
		};
		01DD2FA021509E7500082198 /* CopyFiles */ = {
			isa = PBXCopyFilesBuildPhase;
			buildActionMask = 2147483647;
			dstPath = /usr/share/man/man1/;
			dstSubfolderSpec = 0;
			files = (
			);
			runOnlyForDeploymentPostprocessing = 1;
		};
/* End PBXCopyFilesBuildPhase section */

/* Begin PBXFileReference section */
		014B235121195CCA008E46AC /* DenseNet.h */ = {isa = PBXFileReference; lastKnownFileType = sourcecode.c.h; path = DenseNet.h; sourceTree = "<group>"; };
		014B235221195CFF008E46AC /* DenseNet.c */ = {isa = PBXFileReference; lastKnownFileType = sourcecode.c.c; path = DenseNet.c; sourceTree = "<group>"; };
		014B2355211960C0008E46AC /* Conv2DNet.h */ = {isa = PBXFileReference; lastKnownFileType = sourcecode.c.h; path = Conv2DNet.h; sourceTree = "<group>"; };
		014B2356211960E8008E46AC /* Conv2DNet.c */ = {isa = PBXFileReference; lastKnownFileType = sourcecode.c.c; path = Conv2DNet.c; sourceTree = "<group>"; };
		014B235A21216B6E008E46AC /* DenseNetOps.h */ = {isa = PBXFileReference; lastKnownFileType = sourcecode.c.h; path = DenseNetOps.h; sourceTree = "<group>"; };
		014B235B21216B93008E46AC /* DenseNetOps.c */ = {isa = PBXFileReference; lastKnownFileType = sourcecode.c.c; path = DenseNetOps.c; sourceTree = "<group>"; };
		014B235E21217164008E46AC /* Conv2DNetOps.h */ = {isa = PBXFileReference; lastKnownFileType = sourcecode.c.h; path = Conv2DNetOps.h; sourceTree = "<group>"; };
		014B235F21217175008E46AC /* Conv2DNetOps.c */ = {isa = PBXFileReference; lastKnownFileType = sourcecode.c.c; path = Conv2DNetOps.c; sourceTree = "<group>"; };
		0161751820EDDDF500FC40FF /* libBrainStorm.dylib */ = {isa = PBXFileReference; explicitFileType = "compiled.mach-o.dylib"; includeInIndex = 0; path = libBrainStorm.dylib; sourceTree = BUILT_PRODUCTS_DIR; };
		0161752020EDDE4600FC40FF /* Metal.framework */ = {isa = PBXFileReference; lastKnownFileType = wrapper.framework; name = Metal.framework; path = System/Library/Frameworks/Metal.framework; sourceTree = SDKROOT; };
		0161752220EDDE4C00FC40FF /* Accelerate.framework */ = {isa = PBXFileReference; lastKnownFileType = wrapper.framework; name = Accelerate.framework; path = System/Library/Frameworks/Accelerate.framework; sourceTree = SDKROOT; };
		0161752420EDDE5300FC40FF /* OpenCL.framework */ = {isa = PBXFileReference; lastKnownFileType = wrapper.framework; name = OpenCL.framework; path = System/Library/Frameworks/OpenCL.framework; sourceTree = SDKROOT; };
		0161752720EDDFD800FC40FF /* MetalKernels.metal */ = {isa = PBXFileReference; fileEncoding = 4; lastKnownFileType = sourcecode.metal; name = MetalKernels.metal; path = metal/MetalKernels.metal; sourceTree = SOURCE_ROOT; };
		0161752A20EDE03000FC40FF /* NetworkUtils.h */ = {isa = PBXFileReference; lastKnownFileType = sourcecode.c.h; name = NetworkUtils.h; path = include/NetworkUtils.h; sourceTree = SOURCE_ROOT; };
		0161752B20EDE03000FC40FF /* NeuralNetwork.h */ = {isa = PBXFileReference; lastKnownFileType = sourcecode.c.h; name = NeuralNetwork.h; path = include/NeuralNetwork.h; sourceTree = SOURCE_ROOT; };
		0161752C20EDE03000FC40FF /* Optimizers.h */ = {isa = PBXFileReference; lastKnownFileType = sourcecode.c.h; name = Optimizers.h; path = include/Optimizers.h; sourceTree = SOURCE_ROOT; };
		0161752D20EDE03000FC40FF /* Data.h */ = {isa = PBXFileReference; lastKnownFileType = sourcecode.c.h; name = Data.h; path = include/Data.h; sourceTree = SOURCE_ROOT; };
		0161752E20EDE03000FC40FF /* Memory.h */ = {isa = PBXFileReference; lastKnownFileType = sourcecode.c.h; name = Memory.h; path = include/Memory.h; sourceTree = SOURCE_ROOT; };
		0161752F20EDE03000FC40FF /* MetalCompute.h */ = {isa = PBXFileReference; lastKnownFileType = sourcecode.c.h; name = MetalCompute.h; path = include/MetalCompute.h; sourceTree = SOURCE_ROOT; };
		0161753020EDE03000FC40FF /* Parsing.h */ = {isa = PBXFileReference; lastKnownFileType = sourcecode.c.h; name = Parsing.h; path = include/Parsing.h; sourceTree = SOURCE_ROOT; };
		0161753120EDE03000FC40FF /* TimeProfile.h */ = {isa = PBXFileReference; lastKnownFileType = sourcecode.c.h; name = TimeProfile.h; path = include/TimeProfile.h; sourceTree = SOURCE_ROOT; };
		0161753220EDE03000FC40FF /* Utils.h */ = {isa = PBXFileReference; lastKnownFileType = sourcecode.c.h; name = Utils.h; path = include/Utils.h; sourceTree = SOURCE_ROOT; };
		0161753420EDE04F00FC40FF /* TimeProfile.c */ = {isa = PBXFileReference; fileEncoding = 4; lastKnownFileType = sourcecode.c.c; path = TimeProfile.c; sourceTree = "<group>"; };
		0161753520EDE04F00FC40FF /* Data.c */ = {isa = PBXFileReference; fileEncoding = 4; lastKnownFileType = sourcecode.c.c; path = Data.c; sourceTree = "<group>"; };
		0161753620EDE04F00FC40FF /* Parsing.c */ = {isa = PBXFileReference; fileEncoding = 4; lastKnownFileType = sourcecode.c.c; path = Parsing.c; sourceTree = "<group>"; };
		0161753720EDE05000FC40FF /* NeuralNetwork.c */ = {isa = PBXFileReference; fileEncoding = 4; lastKnownFileType = sourcecode.c.c; path = NeuralNetwork.c; sourceTree = "<group>"; };
		0161753820EDE05000FC40FF /* NetworkUtils.c */ = {isa = PBXFileReference; fileEncoding = 4; lastKnownFileType = sourcecode.c.c; path = NetworkUtils.c; sourceTree = "<group>"; };
		0161753920EDE05000FC40FF /* MetalCompute.m */ = {isa = PBXFileReference; fileEncoding = 4; lastKnownFileType = sourcecode.c.objc; path = MetalCompute.m; sourceTree = "<group>"; };
		0161753A20EDE05000FC40FF /* Utils.c */ = {isa = PBXFileReference; fileEncoding = 4; lastKnownFileType = sourcecode.c.c; path = Utils.c; sourceTree = "<group>"; };
		0161753B20EDE05000FC40FF /* Memory.c */ = {isa = PBXFileReference; fileEncoding = 4; lastKnownFileType = sourcecode.c.c; path = Memory.c; sourceTree = "<group>"; };
		0161756120EDE9E800FC40FF /* BrainStorm.h */ = {isa = PBXFileReference; lastKnownFileType = sourcecode.c.h; name = BrainStorm.h; path = include/BrainStorm.h; sourceTree = SOURCE_ROOT; };
		0161756E20EEEDE500FC40FF /* libBrainStorm.a */ = {isa = PBXFileReference; explicitFileType = archive.ar; includeInIndex = 0; path = libBrainStorm.a; sourceTree = BUILT_PRODUCTS_DIR; };
		0161758920EEF25600FC40FF /* README.md */ = {isa = PBXFileReference; lastKnownFileType = net.daringfireball.markdown; path = README.md; sourceTree = "<group>"; };
		0161758C20EF3E8D00FC40FF /* NetworkParams.h */ = {isa = PBXFileReference; lastKnownFileType = sourcecode.c.h; name = NetworkParams.h; path = include/NetworkParams.h; sourceTree = SOURCE_ROOT; };
		0161758E20EF401B00FC40FF /* NetworkConstructor.h */ = {isa = PBXFileReference; lastKnownFileType = sourcecode.c.h; name = NetworkConstructor.h; path = include/NetworkConstructor.h; sourceTree = SOURCE_ROOT; };
		0161758F20EF443E00FC40FF /* NetworkConstructor.c */ = {isa = PBXFileReference; lastKnownFileType = sourcecode.c.c; path = NetworkConstructor.c; sourceTree = "<group>"; };
		0161759720F70DEB00FC40FF /* Regularization.h */ = {isa = PBXFileReference; lastKnownFileType = sourcecode.c.h; name = Regularization.h; path = include/Regularization.h; sourceTree = SOURCE_ROOT; };
		0161759820F70E1600FC40FF /* Regularization.c */ = {isa = PBXFileReference; lastKnownFileType = sourcecode.c.c; path = Regularization.c; sourceTree = "<group>"; };
		016175A320F73DDB00FC40FF /* Optimizers.c */ = {isa = PBXFileReference; lastKnownFileType = sourcecode.c.c; path = Optimizers.c; sourceTree = "<group>"; };
		016175A820FF105C00FC40FF /* NetworkOps.h */ = {isa = PBXFileReference; lastKnownFileType = sourcecode.c.h; name = NetworkOps.h; path = include/NetworkOps.h; sourceTree = SOURCE_ROOT; };
		016175A920FF107600FC40FF /* NetworkOps.c */ = {isa = PBXFileReference; lastKnownFileType = sourcecode.c.c; path = NetworkOps.c; sourceTree = "<group>"; };
		0176B81321AB8E380060C1CB /* Makefile */ = {isa = PBXFileReference; lastKnownFileType = sourcecode.make; path = Makefile; sourceTree = "<group>"; };
		0176B81421ACC1460060C1CB /* Makefile */ = {isa = PBXFileReference; lastKnownFileType = sourcecode.make; path = Makefile; sourceTree = "<group>"; };
		01DD2F912150996300082198 /* mnist */ = {isa = PBXFileReference; explicitFileType = "compiled.mach-o.executable"; includeInIndex = 0; path = mnist; sourceTree = BUILT_PRODUCTS_DIR; };
		01DD2F932150996300082198 /* main.c */ = {isa = PBXFileReference; lastKnownFileType = sourcecode.c.c; path = main.c; sourceTree = "<group>"; };
		01DD2F982150999C00082198 /* LoadMNISTDataSet.h */ = {isa = PBXFileReference; lastKnownFileType = sourcecode.c.h; path = LoadMNISTDataSet.h; sourceTree = "<group>"; };
		01DD2F99215099CE00082198 /* LoadMNISTDataSet.c */ = {isa = PBXFileReference; lastKnownFileType = sourcecode.c.c; path = LoadMNISTDataSet.c; sourceTree = "<group>"; };
		01DD2FA221509E7500082198 /* BrainStormTest */ = {isa = PBXFileReference; explicitFileType = "compiled.mach-o.executable"; includeInIndex = 0; path = BrainStormTest; sourceTree = BUILT_PRODUCTS_DIR; };
		01DD2FA421509E7500082198 /* main.c */ = {isa = PBXFileReference; lastKnownFileType = sourcecode.c.c; path = main.c; sourceTree = "<group>"; };
/* End PBXFileReference section */

/* Begin PBXFrameworksBuildPhase section */
		0161751520EDDDF500FC40FF /* Frameworks */ = {
			isa = PBXFrameworksBuildPhase;
			buildActionMask = 2147483647;
			files = (
				0161752320EDDE4C00FC40FF /* Accelerate.framework in Frameworks */,
				0161752120EDDE4600FC40FF /* Metal.framework in Frameworks */,
			);
			runOnlyForDeploymentPostprocessing = 0;
		};
		0161756B20EEEDE500FC40FF /* Frameworks */ = {
			isa = PBXFrameworksBuildPhase;
			buildActionMask = 2147483647;
			files = (
				0161757B20EEEE3E00FC40FF /* Metal.framework in Frameworks */,
				0161757A20EEEE3700FC40FF /* Accelerate.framework in Frameworks */,
			);
			runOnlyForDeploymentPostprocessing = 0;
		};
		01DD2F8E2150996300082198 /* Frameworks */ = {
			isa = PBXFrameworksBuildPhase;
			buildActionMask = 2147483647;
			files = (
				01DD2F9D21509A1100082198 /* libBrainStorm.a in Frameworks */,
			);
			runOnlyForDeploymentPostprocessing = 0;
		};
		01DD2F9F21509E7500082198 /* Frameworks */ = {
			isa = PBXFrameworksBuildPhase;
			buildActionMask = 2147483647;
			files = (
				01DD2FAB21509EB000082198 /* libBrainStorm.a in Frameworks */,
			);
			runOnlyForDeploymentPostprocessing = 0;
		};
/* End PBXFrameworksBuildPhase section */

/* Begin PBXGroup section */
		0161750F20EDDDF500FC40FF = {
			isa = PBXGroup;
			children = (
				0161758920EEF25600FC40FF /* README.md */,
				0161752620EDDF6600FC40FF /* metal */,
				0161752920EDDFE600FC40FF /* include */,
				0161753320EDE03800FC40FF /* src */,
				01DD2F922150996300082198 /* mnist */,
				01DD2FA321509E7500082198 /* BrainStormTest */,
				0161751920EDDDF500FC40FF /* Products */,
				0161751F20EDDE4600FC40FF /* Frameworks */,
			);
			sourceTree = "<group>";
		};
		0161751920EDDDF500FC40FF /* Products */ = {
			isa = PBXGroup;
			children = (
				0161751820EDDDF500FC40FF /* libBrainStorm.dylib */,
				0161756E20EEEDE500FC40FF /* libBrainStorm.a */,
				01DD2F912150996300082198 /* mnist */,
				01DD2FA221509E7500082198 /* BrainStormTest */,
			);
			name = Products;
			sourceTree = "<group>";
		};
		0161751F20EDDE4600FC40FF /* Frameworks */ = {
			isa = PBXGroup;
			children = (
				0161752420EDDE5300FC40FF /* OpenCL.framework */,
				0161752220EDDE4C00FC40FF /* Accelerate.framework */,
				0161752020EDDE4600FC40FF /* Metal.framework */,
			);
			name = Frameworks;
			sourceTree = "<group>";
		};
		0161752620EDDF6600FC40FF /* metal */ = {
			isa = PBXGroup;
			children = (
				0161752720EDDFD800FC40FF /* MetalKernels.metal */,
			);
			name = metal;
			path = /Users/hakimeseddik/Documents/BrainStorm/metal;
			sourceTree = "<absolute>";
		};
		0161752920EDDFE600FC40FF /* include */ = {
			isa = PBXGroup;
			children = (
				0161756120EDE9E800FC40FF /* BrainStorm.h */,
				014B2355211960C0008E46AC /* Conv2DNet.h */,
				014B235E21217164008E46AC /* Conv2DNetOps.h */,
				0161752D20EDE03000FC40FF /* Data.h */,
				014B235121195CCA008E46AC /* DenseNet.h */,
				014B235A21216B6E008E46AC /* DenseNetOps.h */,
				0161752E20EDE03000FC40FF /* Memory.h */,
				0161752F20EDE03000FC40FF /* MetalCompute.h */,
				0161758E20EF401B00FC40FF /* NetworkConstructor.h */,
				016175A820FF105C00FC40FF /* NetworkOps.h */,
				0161758C20EF3E8D00FC40FF /* NetworkParams.h */,
				0161752A20EDE03000FC40FF /* NetworkUtils.h */,
				0161752B20EDE03000FC40FF /* NeuralNetwork.h */,
				0161752C20EDE03000FC40FF /* Optimizers.h */,
				0161753020EDE03000FC40FF /* Parsing.h */,
				0161759720F70DEB00FC40FF /* Regularization.h */,
				0161753120EDE03000FC40FF /* TimeProfile.h */,
				0161753220EDE03000FC40FF /* Utils.h */,
			);
			name = include;
			path = /Users/hakimeseddik/Documents/BrainStorm/include;
			sourceTree = "<absolute>";
		};
		0161753320EDE03800FC40FF /* src */ = {
			isa = PBXGroup;
			children = (
				0176B81321AB8E380060C1CB /* Makefile */,
				014B2356211960E8008E46AC /* Conv2DNet.c */,
				014B235F21217175008E46AC /* Conv2DNetOps.c */,
				0161753520EDE04F00FC40FF /* Data.c */,
				014B235221195CFF008E46AC /* DenseNet.c */,
				014B235B21216B93008E46AC /* DenseNetOps.c */,
				0161753B20EDE05000FC40FF /* Memory.c */,
				0161753920EDE05000FC40FF /* MetalCompute.m */,
				0161758F20EF443E00FC40FF /* NetworkConstructor.c */,
				016175A920FF107600FC40FF /* NetworkOps.c */,
				0161753820EDE05000FC40FF /* NetworkUtils.c */,
				0161753720EDE05000FC40FF /* NeuralNetwork.c */,
				016175A320F73DDB00FC40FF /* Optimizers.c */,
				0161753620EDE04F00FC40FF /* Parsing.c */,
				0161759820F70E1600FC40FF /* Regularization.c */,
				0161753420EDE04F00FC40FF /* TimeProfile.c */,
				0161753A20EDE05000FC40FF /* Utils.c */,
			);
			name = src;
			path = /Users/hakimeseddik/Documents/BrainStorm/src;
			sourceTree = "<absolute>";
		};
		01DD2F922150996300082198 /* mnist */ = {
			isa = PBXGroup;
			children = (
				0176B81421ACC1460060C1CB /* Makefile */,
				01DD2F932150996300082198 /* main.c */,
				01DD2F982150999C00082198 /* LoadMNISTDataSet.h */,
				01DD2F99215099CE00082198 /* LoadMNISTDataSet.c */,
			);
			path = mnist;
			sourceTree = "<group>";
		};
		01DD2FA321509E7500082198 /* BrainStormTest */ = {
			isa = PBXGroup;
			children = (
				01DD2FA421509E7500082198 /* main.c */,
			);
			path = BrainStormTest;
			sourceTree = "<group>";
		};
/* End PBXGroup section */

/* Begin PBXHeadersBuildPhase section */
		0161751620EDDDF500FC40FF /* Headers */ = {
			isa = PBXHeadersBuildPhase;
			buildActionMask = 2147483647;
			files = (
				0161756220EDEAB100FC40FF /* BrainStorm.h in Headers */,
				0161754520EDE45400FC40FF /* Data.h in Headers */,
				0161754620EDE45400FC40FF /* Memory.h in Headers */,
				0161754720EDE45400FC40FF /* MetalCompute.h in Headers */,
				0161759B20F70E4F00FC40FF /* NetworkConstructor.h in Headers */,
				014B2359211C3236008E46AC /* NetworkOps.h in Headers */,
				0161759C20F70E4F00FC40FF /* NetworkParams.h in Headers */,
				0161754820EDE45400FC40FF /* NetworkUtils.h in Headers */,
				0161754920EDE45400FC40FF /* NeuralNetwork.h in Headers */,
				0161754A20EDE45400FC40FF /* Optimizers.h in Headers */,
				0161754B20EDE45400FC40FF /* Parsing.h in Headers */,
				0161759D20F70E4F00FC40FF /* Regularization.h in Headers */,
				0161754C20EDE45400FC40FF /* TimeProfile.h in Headers */,
				0161754D20EDE45400FC40FF /* Utils.h in Headers */,
			);
			runOnlyForDeploymentPostprocessing = 0;
		};
		0161756C20EEEDE500FC40FF /* Headers */ = {
			isa = PBXHeadersBuildPhase;
			buildActionMask = 2147483647;
			files = (
				0161757D20EEEFCB00FC40FF /* BrainStorm.h in Headers */,
				01E4E8CB2166D9F50053248C /* Conv2DNet.h in Headers */,
				01E4E8CC2166D9F50053248C /* Conv2DNetOps.h in Headers */,
				0161757E20EEEFCB00FC40FF /* Data.h in Headers */,
				01E4E8CD2166D9F50053248C /* DenseNet.h in Headers */,
				01E4E8CE2166D9F50053248C /* DenseNetOps.h in Headers */,
				0161757F20EEEFCB00FC40FF /* Memory.h in Headers */,
				0161758020EEEFCB00FC40FF /* MetalCompute.h in Headers */,
				0161759220EF46D300FC40FF /* NetworkConstructor.h in Headers */,
				016175AC20FF176A00FC40FF /* NetworkOps.h in Headers */,
				0161759320EF46D300FC40FF /* NetworkParams.h in Headers */,
				0161758120EEEFCB00FC40FF /* NetworkUtils.h in Headers */,
				0161758220EEEFCB00FC40FF /* NeuralNetwork.h in Headers */,
				0161758320EEEFCB00FC40FF /* Optimizers.h in Headers */,
				0161758420EEEFCB00FC40FF /* Parsing.h in Headers */,
				0161759E20F70E5C00FC40FF /* Regularization.h in Headers */,
				0161758520EEEFCB00FC40FF /* TimeProfile.h in Headers */,
				0161758620EEEFCB00FC40FF /* Utils.h in Headers */,
			);
			runOnlyForDeploymentPostprocessing = 0;
		};
/* End PBXHeadersBuildPhase section */

/* Begin PBXNativeTarget section */
		0161751720EDDDF500FC40FF /* BrainStorm */ = {
			isa = PBXNativeTarget;
			buildConfigurationList = 0161751C20EDDDF500FC40FF /* Build configuration list for PBXNativeTarget "BrainStorm" */;
			buildPhases = (
				0161751420EDDDF500FC40FF /* Sources */,
				0161751520EDDDF500FC40FF /* Frameworks */,
				0161751620EDDDF500FC40FF /* Headers */,
				0161754420EDE43600FC40FF /* ShellScript */,
			);
			buildRules = (
			);
			dependencies = (
			);
			name = BrainStorm;
			productName = BrainStorm;
			productReference = 0161751820EDDDF500FC40FF /* libBrainStorm.dylib */;
			productType = "com.apple.product-type.library.dynamic";
		};
		0161756D20EEEDE500FC40FF /* BrainStorm_static */ = {
			isa = PBXNativeTarget;
			buildConfigurationList = 0161756F20EEEDE500FC40FF /* Build configuration list for PBXNativeTarget "BrainStorm_static" */;
			buildPhases = (
				0161756A20EEEDE500FC40FF /* Sources */,
				0161756B20EEEDE500FC40FF /* Frameworks */,
				0161756C20EEEDE500FC40FF /* Headers */,
				0161757C20EEEEEC00FC40FF /* ShellScript */,
			);
			buildRules = (
			);
			dependencies = (
			);
			name = BrainStorm_static;
			productName = BrainStorm_static;
			productReference = 0161756E20EEEDE500FC40FF /* libBrainStorm.a */;
			productType = "com.apple.product-type.library.static";
		};
		01DD2F902150996300082198 /* mnist */ = {
			isa = PBXNativeTarget;
			buildConfigurationList = 01DD2F952150996300082198 /* Build configuration list for PBXNativeTarget "mnist" */;
			buildPhases = (
				01DD2F8D2150996300082198 /* Sources */,
				01DD2F8E2150996300082198 /* Frameworks */,
				01DD2F8F2150996300082198 /* CopyFiles */,
				0176B81521ACE6380060C1CB /* ShellScript */,
			);
			buildRules = (
			);
			dependencies = (
				01DD2F9C21509A0800082198 /* PBXTargetDependency */,
			);
			name = mnist;
			productName = mnist;
			productReference = 01DD2F912150996300082198 /* mnist */;
			productType = "com.apple.product-type.tool";
		};
		01DD2FA121509E7500082198 /* BrainStormTest */ = {
			isa = PBXNativeTarget;
			buildConfigurationList = 01DD2FA621509E7500082198 /* Build configuration list for PBXNativeTarget "BrainStormTest" */;
			buildPhases = (
				01DD2F9E21509E7500082198 /* Sources */,
				01DD2F9F21509E7500082198 /* Frameworks */,
				01DD2FA021509E7500082198 /* CopyFiles */,
			);
			buildRules = (
			);
			dependencies = (
				01DD2FAA21509EAA00082198 /* PBXTargetDependency */,
			);
			name = BrainStormTest;
			productName = BrainStormTest;
			productReference = 01DD2FA221509E7500082198 /* BrainStormTest */;
			productType = "com.apple.product-type.tool";
		};
/* End PBXNativeTarget section */

/* Begin PBXProject section */
		0161751020EDDDF500FC40FF /* Project object */ = {
			isa = PBXProject;
			attributes = {
				LastUpgradeCheck = 0940;
				ORGANIZATIONNAME = "Hakime Seddik";
				TargetAttributes = {
					0161751720EDDDF500FC40FF = {
						CreatedOnToolsVersion = 9.4.1;
					};
					0161756D20EEEDE500FC40FF = {
						CreatedOnToolsVersion = 9.4.1;
					};
					01DD2F902150996300082198 = {
						CreatedOnToolsVersion = 10.0;
					};
					01DD2FA121509E7500082198 = {
						CreatedOnToolsVersion = 10.0;
					};
				};
			};
			buildConfigurationList = 0161751320EDDDF500FC40FF /* Build configuration list for PBXProject "BrainStorm" */;
			compatibilityVersion = "Xcode 9.3";
			developmentRegion = en;
			hasScannedForEncodings = 0;
			knownRegions = (
				en,
			);
			mainGroup = 0161750F20EDDDF500FC40FF;
			productRefGroup = 0161751920EDDDF500FC40FF /* Products */;
			projectDirPath = "";
			projectRoot = "";
			targets = (
				0161751720EDDDF500FC40FF /* BrainStorm */,
				0161756D20EEEDE500FC40FF /* BrainStorm_static */,
				01DD2F902150996300082198 /* mnist */,
				01DD2FA121509E7500082198 /* BrainStormTest */,
			);
		};
/* End PBXProject section */

/* Begin PBXShellScriptBuildPhase section */
		0161754420EDE43600FC40FF /* ShellScript */ = {
			isa = PBXShellScriptBuildPhase;
			buildActionMask = 2147483647;
			files = (
			);
			inputPaths = (
			);
			outputPaths = (
			);
			runOnlyForDeploymentPostprocessing = 0;
			shellPath = /bin/sh;
			shellScript = "path1='/Users/'\npath2=${USER}\npath3='/Documents/myLibs'\npath=$path1$path2$path3\n\nif test -d $path ; then\nrm -rf $path\nfi\nmkdir $path\ncp -r ${BUILT_PRODUCTS_DIR}/libBrainStorm.dylib $path\ncp -r ${BUILT_PRODUCTS_DIR}/usr $path\n";
		};
		0161757C20EEEEEC00FC40FF /* ShellScript */ = {
			isa = PBXShellScriptBuildPhase;
			buildActionMask = 2147483647;
			files = (
			);
			inputPaths = (
			);
			outputPaths = (
			);
			runOnlyForDeploymentPostprocessing = 0;
			shellPath = /bin/sh;
			shellScript = "path1='/Users/'\npath2=${USER}\npath3='/Documents/myLibs'\npath=$path1$path2$path3\n\nif test -d $path ; then\nrm -rf $path\nfi\nmkdir $path\ncp -r ${BUILT_PRODUCTS_DIR}/libBrainStorm.a $path\ncp -r ${BUILT_PRODUCTS_DIR}/usr $path\n\ncp /Users/hakimeseddik/Documents/BrainStorm/src/*.c /Users/hakimeseddik/Desktop/MNIST/BrainStorm/src\ncp /Users/hakimeseddik/Documents/BrainStorm/include/*.h /Users/hakimeseddik/Desktop/MNIST/BrainStorm/include\n";
		};
		0176B81521ACE6380060C1CB /* ShellScript */ = {
			isa = PBXShellScriptBuildPhase;
			buildActionMask = 2147483647;
			files = (
			);
			inputFileListPaths = (
			);
			inputPaths = (
			);
			outputFileListPaths = (
			);
			outputPaths = (
			);
			runOnlyForDeploymentPostprocessing = 0;
			shellPath = /bin/sh;
			shellScript = "cp /Users/hakimeseddik/Documents/BrainStorm/mnist/*.c /Users/hakimeseddik/Desktop/MNIST/mnist\ncp /Users/hakimeseddik/Documents/BrainStorm/mnist/*.h /Users/hakimeseddik/Desktop/MNIST/mnist\n";
		};
/* End PBXShellScriptBuildPhase section */

/* Begin PBXSourcesBuildPhase section */
		0161751420EDDDF500FC40FF /* Sources */ = {
			isa = PBXSourcesBuildPhase;
			buildActionMask = 2147483647;
			files = (
				0161754020EDE05000FC40FF /* NetworkUtils.c in Sources */,
				0161754220EDE05000FC40FF /* Utils.c in Sources */,
				0161754320EDE05000FC40FF /* Memory.c in Sources */,
				014B236021217175008E46AC /* Conv2DNetOps.c in Sources */,
				0161754120EDE05000FC40FF /* MetalCompute.m in Sources */,
				0161759920F70E1600FC40FF /* Regularization.c in Sources */,
				0161753F20EDE05000FC40FF /* NeuralNetwork.c in Sources */,
				014B235C21216B93008E46AC /* DenseNetOps.c in Sources */,
				016175A420F73DDB00FC40FF /* Optimizers.c in Sources */,
				014B2357211960E8008E46AC /* Conv2DNet.c in Sources */,
				014B235321195CFF008E46AC /* DenseNet.c in Sources */,
				0161753D20EDE05000FC40FF /* Data.c in Sources */,
				0161753C20EDE05000FC40FF /* TimeProfile.c in Sources */,
				0161753E20EDE05000FC40FF /* Parsing.c in Sources */,
				016175AA20FF107600FC40FF /* NetworkOps.c in Sources */,
				0161752820EDDFD800FC40FF /* MetalKernels.metal in Sources */,
				0161759020EF443E00FC40FF /* NetworkConstructor.c in Sources */,
			);
			runOnlyForDeploymentPostprocessing = 0;
		};
		0161756A20EEEDE500FC40FF /* Sources */ = {
			isa = PBXSourcesBuildPhase;
			buildActionMask = 2147483647;
			files = (
				0161757220EEEE2400FC40FF /* Data.c in Sources */,
				0161759120EF443E00FC40FF /* NetworkConstructor.c in Sources */,
				016175AB20FF107600FC40FF /* NetworkOps.c in Sources */,
				0161757320EEEE2400FC40FF /* Memory.c in Sources */,
				014B236121217175008E46AC /* Conv2DNetOps.c in Sources */,
				0161757420EEEE2400FC40FF /* MetalCompute.m in Sources */,
				0161757520EEEE2400FC40FF /* NetworkUtils.c in Sources */,
				0161757620EEEE2400FC40FF /* NeuralNetwork.c in Sources */,
				014B2358211960E8008E46AC /* Conv2DNet.c in Sources */,
				016175A520F73DDB00FC40FF /* Optimizers.c in Sources */,
				0161757720EEEE2400FC40FF /* Parsing.c in Sources */,
				014B235D21216B93008E46AC /* DenseNetOps.c in Sources */,
				0161759A20F70E1600FC40FF /* Regularization.c in Sources */,
				014B235421195CFF008E46AC /* DenseNet.c in Sources */,
				0161757820EEEE2400FC40FF /* TimeProfile.c in Sources */,
				0161757920EEEE2400FC40FF /* Utils.c in Sources */,
			);
			runOnlyForDeploymentPostprocessing = 0;
		};
		01DD2F8D2150996300082198 /* Sources */ = {
			isa = PBXSourcesBuildPhase;
			buildActionMask = 2147483647;
			files = (
				01DD2F9A215099CE00082198 /* LoadMNISTDataSet.c in Sources */,
				01DD2F942150996300082198 /* main.c in Sources */,
			);
			runOnlyForDeploymentPostprocessing = 0;
		};
		01DD2F9E21509E7500082198 /* Sources */ = {
			isa = PBXSourcesBuildPhase;
			buildActionMask = 2147483647;
			files = (
				01DD2FA521509E7500082198 /* main.c in Sources */,
			);
			runOnlyForDeploymentPostprocessing = 0;
		};
/* End PBXSourcesBuildPhase section */

/* Begin PBXTargetDependency section */
		01DD2F9C21509A0800082198 /* PBXTargetDependency */ = {
			isa = PBXTargetDependency;
			target = 0161756D20EEEDE500FC40FF /* BrainStorm_static */;
			targetProxy = 01DD2F9B21509A0800082198 /* PBXContainerItemProxy */;
		};
		01DD2FAA21509EAA00082198 /* PBXTargetDependency */ = {
			isa = PBXTargetDependency;
			target = 0161756D20EEEDE500FC40FF /* BrainStorm_static */;
			targetProxy = 01DD2FA921509EAA00082198 /* PBXContainerItemProxy */;
		};
/* End PBXTargetDependency section */

/* Begin XCBuildConfiguration section */
		0161751A20EDDDF500FC40FF /* Debug */ = {
			isa = XCBuildConfiguration;
			buildSettings = {
				ALWAYS_SEARCH_USER_PATHS = NO;
				CLANG_ANALYZER_NONNULL = YES;
				CLANG_ANALYZER_NUMBER_OBJECT_CONVERSION = YES_AGGRESSIVE;
				CLANG_CXX_LANGUAGE_STANDARD = "gnu++14";
				CLANG_CXX_LIBRARY = "libc++";
				CLANG_ENABLE_MODULES = YES;
				CLANG_ENABLE_OBJC_ARC = YES;
				CLANG_ENABLE_OBJC_WEAK = YES;
				CLANG_WARN_BLOCK_CAPTURE_AUTORELEASING = YES;
				CLANG_WARN_BOOL_CONVERSION = YES;
				CLANG_WARN_COMMA = YES;
				CLANG_WARN_CONSTANT_CONVERSION = YES;
				CLANG_WARN_DEPRECATED_OBJC_IMPLEMENTATIONS = YES;
				CLANG_WARN_DIRECT_OBJC_ISA_USAGE = YES_ERROR;
				CLANG_WARN_DOCUMENTATION_COMMENTS = YES;
				CLANG_WARN_EMPTY_BODY = YES;
				CLANG_WARN_ENUM_CONVERSION = YES;
				CLANG_WARN_INFINITE_RECURSION = YES;
				CLANG_WARN_INT_CONVERSION = YES;
				CLANG_WARN_NON_LITERAL_NULL_CONVERSION = YES;
				CLANG_WARN_OBJC_IMPLICIT_RETAIN_SELF = YES;
				CLANG_WARN_OBJC_LITERAL_CONVERSION = YES;
				CLANG_WARN_OBJC_ROOT_CLASS = YES_ERROR;
				CLANG_WARN_RANGE_LOOP_ANALYSIS = YES;
				CLANG_WARN_STRICT_PROTOTYPES = YES;
				CLANG_WARN_SUSPICIOUS_MOVE = YES;
				CLANG_WARN_UNGUARDED_AVAILABILITY = YES_AGGRESSIVE;
				CLANG_WARN_UNREACHABLE_CODE = YES;
				CLANG_WARN__DUPLICATE_METHOD_MATCH = YES;
				CODE_SIGN_IDENTITY = "Mac Developer";
				COPY_PHASE_STRIP = NO;
				DEBUG_INFORMATION_FORMAT = dwarf;
				ENABLE_STRICT_OBJC_MSGSEND = YES;
				ENABLE_TESTABILITY = YES;
				GCC_C_LANGUAGE_STANDARD = gnu11;
				GCC_DYNAMIC_NO_PIC = NO;
				GCC_NO_COMMON_BLOCKS = YES;
				GCC_OPTIMIZATION_LEVEL = 0;
				GCC_PREPROCESSOR_DEFINITIONS = (
					"DEBUG=1",
					"$(inherited)",
				);
				GCC_WARN_64_TO_32_BIT_CONVERSION = YES;
				GCC_WARN_ABOUT_RETURN_TYPE = YES_ERROR;
				GCC_WARN_UNDECLARED_SELECTOR = YES;
				GCC_WARN_UNINITIALIZED_AUTOS = YES_AGGRESSIVE;
				GCC_WARN_UNUSED_FUNCTION = YES;
				GCC_WARN_UNUSED_VARIABLE = YES;
				MACOSX_DEPLOYMENT_TARGET = 10.13;
				MTL_ENABLE_DEBUG_INFO = YES;
				ONLY_ACTIVE_ARCH = YES;
				SDKROOT = macosx;
			};
			name = Debug;
		};
		0161751B20EDDDF500FC40FF /* Release */ = {
			isa = XCBuildConfiguration;
			buildSettings = {
				ALWAYS_SEARCH_USER_PATHS = NO;
				CLANG_ANALYZER_NONNULL = YES;
				CLANG_ANALYZER_NUMBER_OBJECT_CONVERSION = YES_AGGRESSIVE;
				CLANG_CXX_LANGUAGE_STANDARD = "gnu++14";
				CLANG_CXX_LIBRARY = "libc++";
				CLANG_ENABLE_MODULES = YES;
				CLANG_ENABLE_OBJC_ARC = YES;
				CLANG_ENABLE_OBJC_WEAK = YES;
				CLANG_WARN_BLOCK_CAPTURE_AUTORELEASING = YES;
				CLANG_WARN_BOOL_CONVERSION = YES;
				CLANG_WARN_COMMA = YES;
				CLANG_WARN_CONSTANT_CONVERSION = YES;
				CLANG_WARN_DEPRECATED_OBJC_IMPLEMENTATIONS = YES;
				CLANG_WARN_DIRECT_OBJC_ISA_USAGE = YES_ERROR;
				CLANG_WARN_DOCUMENTATION_COMMENTS = YES;
				CLANG_WARN_EMPTY_BODY = YES;
				CLANG_WARN_ENUM_CONVERSION = YES;
				CLANG_WARN_INFINITE_RECURSION = YES;
				CLANG_WARN_INT_CONVERSION = YES;
				CLANG_WARN_NON_LITERAL_NULL_CONVERSION = YES;
				CLANG_WARN_OBJC_IMPLICIT_RETAIN_SELF = YES;
				CLANG_WARN_OBJC_LITERAL_CONVERSION = YES;
				CLANG_WARN_OBJC_ROOT_CLASS = YES_ERROR;
				CLANG_WARN_RANGE_LOOP_ANALYSIS = YES;
				CLANG_WARN_STRICT_PROTOTYPES = YES;
				CLANG_WARN_SUSPICIOUS_MOVE = YES;
				CLANG_WARN_UNGUARDED_AVAILABILITY = YES_AGGRESSIVE;
				CLANG_WARN_UNREACHABLE_CODE = YES;
				CLANG_WARN__DUPLICATE_METHOD_MATCH = YES;
				CODE_SIGN_IDENTITY = "Mac Developer";
				COPY_PHASE_STRIP = NO;
				DEBUG_INFORMATION_FORMAT = "dwarf-with-dsym";
				ENABLE_NS_ASSERTIONS = NO;
				ENABLE_STRICT_OBJC_MSGSEND = YES;
				GCC_C_LANGUAGE_STANDARD = gnu11;
				GCC_NO_COMMON_BLOCKS = YES;
				GCC_WARN_64_TO_32_BIT_CONVERSION = YES;
				GCC_WARN_ABOUT_RETURN_TYPE = YES_ERROR;
				GCC_WARN_UNDECLARED_SELECTOR = YES;
				GCC_WARN_UNINITIALIZED_AUTOS = YES_AGGRESSIVE;
				GCC_WARN_UNUSED_FUNCTION = YES;
				GCC_WARN_UNUSED_VARIABLE = YES;
				MACOSX_DEPLOYMENT_TARGET = 10.13;
				MTL_ENABLE_DEBUG_INFO = NO;
				SDKROOT = macosx;
			};
			name = Release;
		};
		0161751D20EDDDF500FC40FF /* Debug */ = {
			isa = XCBuildConfiguration;
			buildSettings = {
				CODE_SIGN_STYLE = Automatic;
				DEVELOPMENT_TEAM = 65WT6FN4B4;
				DYLIB_COMPATIBILITY_VERSION = 1;
				DYLIB_CURRENT_VERSION = 1;
				EXECUTABLE_PREFIX = lib;
				PRODUCT_NAME = "$(TARGET_NAME)";
				SKIP_INSTALL = YES;
			};
			name = Debug;
		};
		0161751E20EDDDF500FC40FF /* Release */ = {
			isa = XCBuildConfiguration;
			buildSettings = {
				CODE_SIGN_STYLE = Automatic;
				DEVELOPMENT_TEAM = 65WT6FN4B4;
				DYLIB_COMPATIBILITY_VERSION = 1;
				DYLIB_CURRENT_VERSION = 1;
				EXECUTABLE_PREFIX = lib;
				PRODUCT_NAME = "$(TARGET_NAME)";
				SKIP_INSTALL = YES;
			};
			name = Release;
		};
		0161757020EEEDE500FC40FF /* Debug */ = {
			isa = XCBuildConfiguration;
			buildSettings = {
				CODE_SIGN_STYLE = Automatic;
				DEVELOPMENT_TEAM = 65WT6FN4B4;
				EXECUTABLE_PREFIX = lib;
				LLVM_LTO = NO;
				PRODUCT_NAME = BrainStorm;
				SKIP_INSTALL = YES;
				STRIP_STYLE = debugging;
			};
			name = Debug;
		};
		0161757120EEEDE500FC40FF /* Release */ = {
			isa = XCBuildConfiguration;
			buildSettings = {
				CODE_SIGN_STYLE = Automatic;
				DEVELOPMENT_TEAM = 65WT6FN4B4;
				EXECUTABLE_PREFIX = lib;
				GCC_OPTIMIZATION_LEVEL = fast;
				GCC_UNROLL_LOOPS = YES;
				LLVM_LTO = YES;
				PRODUCT_NAME = BrainStorm;
				SKIP_INSTALL = YES;
				STRIP_STYLE = debugging;
			};
			name = Release;
		};
		01DD2F962150996300082198 /* Debug */ = {
			isa = XCBuildConfiguration;
			buildSettings = {
				CODE_SIGN_STYLE = Automatic;
				DEVELOPMENT_TEAM = 65WT6FN4B4;
				MTL_ENABLE_DEBUG_INFO = INCLUDE_SOURCE;
				MTL_FAST_MATH = YES;
				PRODUCT_NAME = "$(TARGET_NAME)";
			};
			name = Debug;
		};
		01DD2F972150996300082198 /* Release */ = {
			isa = XCBuildConfiguration;
			buildSettings = {
				CODE_SIGN_STYLE = Automatic;
				DEVELOPMENT_TEAM = 65WT6FN4B4;
				GCC_OPTIMIZATION_LEVEL = fast;
				MTL_FAST_MATH = YES;
				PRODUCT_NAME = "$(TARGET_NAME)";
			};
			name = Release;
		};
		01DD2FA721509E7500082198 /* Debug */ = {
			isa = XCBuildConfiguration;
			buildSettings = {
				CODE_SIGN_STYLE = Automatic;
				DEVELOPMENT_TEAM = 65WT6FN4B4;
				MTL_ENABLE_DEBUG_INFO = INCLUDE_SOURCE;
				MTL_FAST_MATH = YES;
				PRODUCT_NAME = "$(TARGET_NAME)";
			};
			name = Debug;
		};
		01DD2FA821509E7500082198 /* Release */ = {
			isa = XCBuildConfiguration;
			buildSettings = {
				CODE_SIGN_STYLE = Automatic;
				DEVELOPMENT_TEAM = 65WT6FN4B4;
				MTL_FAST_MATH = YES;
				PRODUCT_NAME = "$(TARGET_NAME)";
			};
			name = Release;
		};
/* End XCBuildConfiguration section */

/* Begin XCConfigurationList section */
		0161751320EDDDF500FC40FF /* Build configuration list for PBXProject "BrainStorm" */ = {
			isa = XCConfigurationList;
			buildConfigurations = (
				0161751A20EDDDF500FC40FF /* Debug */,
				0161751B20EDDDF500FC40FF /* Release */,
			);
			defaultConfigurationIsVisible = 0;
			defaultConfigurationName = Release;
		};
		0161751C20EDDDF500FC40FF /* Build configuration list for PBXNativeTarget "BrainStorm" */ = {
			isa = XCConfigurationList;
			buildConfigurations = (
				0161751D20EDDDF500FC40FF /* Debug */,
				0161751E20EDDDF500FC40FF /* Release */,
			);
			defaultConfigurationIsVisible = 0;
			defaultConfigurationName = Release;
		};
		0161756F20EEEDE500FC40FF /* Build configuration list for PBXNativeTarget "BrainStorm_static" */ = {
			isa = XCConfigurationList;
			buildConfigurations = (
				0161757020EEEDE500FC40FF /* Debug */,
				0161757120EEEDE500FC40FF /* Release */,
			);
			defaultConfigurationIsVisible = 0;
			defaultConfigurationName = Release;
		};
		01DD2F952150996300082198 /* Build configuration list for PBXNativeTarget "mnist" */ = {
			isa = XCConfigurationList;
			buildConfigurations = (
				01DD2F962150996300082198 /* Debug */,
				01DD2F972150996300082198 /* Release */,
			);
			defaultConfigurationIsVisible = 0;
			defaultConfigurationName = Release;
		};
		01DD2FA621509E7500082198 /* Build configuration list for PBXNativeTarget "BrainStormTest" */ = {
			isa = XCConfigurationList;
			buildConfigurations = (
				01DD2FA721509E7500082198 /* Debug */,
				01DD2FA821509E7500082198 /* Release */,
			);
			defaultConfigurationIsVisible = 0;
			defaultConfigurationName = Release;
		};
/* End XCConfigurationList section */
	};
	rootObject = 0161751020EDDDF500FC40FF /* Project object */;
}
